
Microsoft Visual Studio Solution File, Format Version 11.00
# Visual Studio 2010
Project("{FAE04EC0-301F-11D3-BF4B-00C04F79EFBC}") = "ClipboardDiff", "ClipboardDiff.csproj", "{B26DAEEF-EEDF-4AED-B6DB-35FF70F3DDEB}"
EndProject
Global
	GlobalSection(SolutionConfigurationPlatforms) = preSolution
		Debug|Any CPU = Debug|Any CPU
		Release|Any CPU = Release|Any CPU
	EndGlobalSection
	GlobalSection(ProjectConfigurationPlatforms) = postSolution
		{B26DAEEF-EEDF-4AED-B6DB-35FF70F3DDEB}.Debug|Any CPU.ActiveCfg = Debug|Any CPU
		{B26DAEEF-EEDF-4AED-B6DB-35FF70F3DDEB}.Debug|Any CPU.Build.0 = Debug|Any CPU
		{B26DAEEF-EEDF-4AED-B6DB-35FF70F3DDEB}.Release|Any CPU.ActiveCfg = Release|Any CPU
		{B26DAEEF-EEDF-4AED-B6DB-35FF70F3DDEB}.Release|Any CPU.Build.0 = Release|Any CPU
	EndGlobalSection
	GlobalSection(SolutionProperties) = preSolution
		HideSolutionNode = FALSE
	EndGlobalSection
EndGlobal
